// !$*UTF8*$!
{
	archiveVersion = 1;
	classes = {
	};
	objectVersion = 50;
	objects = {

/* Begin PBXBuildFile section */
		D4F82AAA21E719A500E3870E /* AppDelegate.m in Sources */ = {isa = PBXBuildFile; fileRef = D4F82AA921E719A500E3870E /* AppDelegate.m */; };
		D4F82AAC21E719A600E3870E /* Assets.xcassets in Resources */ = {isa = PBXBuildFile; fileRef = D4F82AAB21E719A600E3870E /* Assets.xcassets */; };
		D4F82AAF21E719A600E3870E /* MainMenu.xib in Resources */ = {isa = PBXBuildFile; fileRef = D4F82AAD21E719A600E3870E /* MainMenu.xib */; };
		D4F82AB221E719A600E3870E /* main.m in Sources */ = {isa = PBXBuildFile; fileRef = D4F82AB121E719A600E3870E /* main.m */; };
		D4F82ABD21E719A600E3870E /* demoTests.m in Sources */ = {isa = PBXBuildFile; fileRef = D4F82ABC21E719A600E3870E /* demoTests.m */; };
		D4F82ACA21E719FD00E3870E /* GCDQuene.m in Sources */ = {isa = PBXBuildFile; fileRef = D4F82AC921E719FD00E3870E /* GCDQuene.m */; };
/* End PBXBuildFile section */

/* Begin PBXContainerItemProxy section */
		D4F82AB921E719A600E3870E /* PBXContainerItemProxy */ = {
			isa = PBXContainerItemProxy;
			containerPortal = D4F82A9D21E719A500E3870E /* Project object */;
			proxyType = 1;
			remoteGlobalIDString = D4F82AA421E719A500E3870E;
			remoteInfo = demo;
		};
/* End PBXContainerItemProxy section */

/* Begin PBXFileReference section */
		D4F82AA521E719A500E3870E /* demo.app */ = {isa = PBXFileReference; explicitFileType = wrapper.application; includeInIndex = 0; path = demo.app; sourceTree = BUILT_PRODUCTS_DIR; };
		D4F82AA821E719A500E3870E /* AppDelegate.h */ = {isa = PBXFileReference; lastKnownFileType = sourcecode.c.h; path = AppDelegate.h; sourceTree = "<group>"; };
		D4F82AA921E719A500E3870E /* AppDelegate.m */ = {isa = PBXFileReference; lastKnownFileType = sourcecode.c.objc; path = AppDelegate.m; sourceTree = "<group>"; };
		D4F82AAB21E719A600E3870E /* Assets.xcassets */ = {isa = PBXFileReference; lastKnownFileType = folder.assetcatalog; path = Assets.xcassets; sourceTree = "<group>"; };
		D4F82AAE21E719A600E3870E /* Base */ = {isa = PBXFileReference; lastKnownFileType = file.xib; name = Base; path = Base.lproj/MainMenu.xib; sourceTree = "<group>"; };
		D4F82AB021E719A600E3870E /* Info.plist */ = {isa = PBXFileReference; lastKnownFileType = text.plist.xml; path = Info.plist; sourceTree = "<group>"; };
		D4F82AB121E719A600E3870E /* main.m */ = {isa = PBXFileReference; lastKnownFileType = sourcecode.c.objc; path = main.m; sourceTree = "<group>"; };
		D4F82AB321E719A600E3870E /* demo.entitlements */ = {isa = PBXFileReference; lastKnownFileType = text.plist.entitlements; path = demo.entitlements; sourceTree = "<group>"; };
		D4F82AB821E719A600E3870E /* demoTests.xctest */ = {isa = PBXFileReference; explicitFileType = wrapper.cfbundle; includeInIndex = 0; path = demoTests.xctest; sourceTree = BUILT_PRODUCTS_DIR; };
		D4F82ABC21E719A600E3870E /* demoTests.m */ = {isa = PBXFileReference; lastKnownFileType = sourcecode.c.objc; path = demoTests.m; sourceTree = "<group>"; };
		D4F82ABE21E719A600E3870E /* Info.plist */ = {isa = PBXFileReference; lastKnownFileType = text.plist.xml; path = Info.plist; sourceTree = "<group>"; };
		D4F82AC821E719FD00E3870E /* GCDQuene.h */ = {isa = PBXFileReference; fileEncoding = 4; lastKnownFileType = sourcecode.c.h; path = GCDQuene.h; sourceTree = "<group>"; };
		D4F82AC921E719FD00E3870E /* GCDQuene.m */ = {isa = PBXFileReference; fileEncoding = 4; lastKnownFileType = sourcecode.c.objc; path = GCDQuene.m; sourceTree = "<group>"; };
/* End PBXFileReference section */

/* Begin PBXFrameworksBuildPhase section */
		D4F82AA221E719A500E3870E /* Frameworks */ = {
			isa = PBXFrameworksBuildPhase;
			buildActionMask = 2147483647;
			files = (
			);
			runOnlyForDeploymentPostprocessing = 0;
		};
		D4F82AB521E719A600E3870E /* Frameworks */ = {
			isa = PBXFrameworksBuildPhase;
			buildActionMask = 2147483647;
			files = (
			);
			runOnlyForDeploymentPostprocessing = 0;
		};
/* End PBXFrameworksBuildPhase section */

/* Begin PBXGroup section */
		D4F82A9C21E719A500E3870E = {
			isa = PBXGroup;
			children = (
				D4F82AC721E719C000E3870E /* Classes */,
				D4F82AA721E719A500E3870E /* demo */,
				D4F82ABB21E719A600E3870E /* demoTests */,
				D4F82AA621E719A500E3870E /* Products */,
			);
			sourceTree = "<group>";
		};
		D4F82AA621E719A500E3870E /* Products */ = {
			isa = PBXGroup;
			children = (
				D4F82AA521E719A500E3870E /* demo.app */,
				D4F82AB821E719A600E3870E /* demoTests.xctest */,
			);
			name = Products;
			sourceTree = "<group>";
		};
		D4F82AA721E719A500E3870E /* demo */ = {
			isa = PBXGroup;
			children = (
				D4F82AA821E719A500E3870E /* AppDelegate.h */,
				D4F82AA921E719A500E3870E /* AppDelegate.m */,
				D4F82AAB21E719A600E3870E /* Assets.xcassets */,
				D4F82AAD21E719A600E3870E /* MainMenu.xib */,
				D4F82AB021E719A600E3870E /* Info.plist */,
				D4F82AB121E719A600E3870E /* main.m */,
				D4F82AB321E719A600E3870E /* demo.entitlements */,
			);
			path = demo;
			sourceTree = "<group>";
		};
		D4F82ABB21E719A600E3870E /* demoTests */ = {
			isa = PBXGroup;
			children = (
				D4F82ABC21E719A600E3870E /* demoTests.m */,
				D4F82ABE21E719A600E3870E /* Info.plist */,
			);
			path = demoTests;
			sourceTree = "<group>";
		};
		D4F82AC721E719C000E3870E /* Classes */ = {
			isa = PBXGroup;
			children = (
				D4F82AC821E719FD00E3870E /* GCDQuene.h */,
				D4F82AC921E719FD00E3870E /* GCDQuene.m */,
			);
			name = Classes;
			path = ../Classes;
			sourceTree = "<group>";
		};
/* End PBXGroup section */

/* Begin PBXNativeTarget section */
		D4F82AA421E719A500E3870E /* demo */ = {
			isa = PBXNativeTarget;
			buildConfigurationList = D4F82AC121E719A600E3870E /* Build configuration list for PBXNativeTarget "demo" */;
			buildPhases = (
				D4F82AA121E719A500E3870E /* Sources */,
				D4F82AA221E719A500E3870E /* Frameworks */,
				D4F82AA321E719A500E3870E /* Resources */,
			);
			buildRules = (
			);
			dependencies = (
			);
			name = demo;
			productName = demo;
			productReference = D4F82AA521E719A500E3870E /* demo.app */;
			productType = "com.apple.product-type.application";
		};
		D4F82AB721E719A600E3870E /* demoTests */ = {
			isa = PBXNativeTarget;
			buildConfigurationList = D4F82AC421E719A600E3870E /* Build configuration list for PBXNativeTarget "demoTests" */;
			buildPhases = (
				D4F82AB421E719A600E3870E /* Sources */,
				D4F82AB521E719A600E3870E /* Frameworks */,
				D4F82AB621E719A600E3870E /* Resources */,
			);
			buildRules = (
			);
			dependencies = (
				D4F82ABA21E719A600E3870E /* PBXTargetDependency */,
			);
			name = demoTests;
			productName = demoTests;
			productReference = D4F82AB821E719A600E3870E /* demoTests.xctest */;
			productType = "com.apple.product-type.bundle.unit-test";
		};
/* End PBXNativeTarget section */

/* Begin PBXProject section */
		D4F82A9D21E719A500E3870E /* Project object */ = {
			isa = PBXProject;
			attributes = {
				LastUpgradeCheck = 1010;
				ORGANIZATIONNAME = orzer;
				TargetAttributes = {
					D4F82AA421E719A500E3870E = {
						CreatedOnToolsVersion = 10.1;
					};
					D4F82AB721E719A600E3870E = {
						CreatedOnToolsVersion = 10.1;
						TestTargetID = D4F82AA421E719A500E3870E;
					};
				};
			};
			buildConfigurationList = D4F82AA021E719A500E3870E /* Build configuration list for PBXProject "demo" */;
			compatibilityVersion = "Xcode 9.3";
			developmentRegion = en;
			hasScannedForEncodings = 0;
			knownRegions = (
				en,
				Base,
			);
			mainGroup = D4F82A9C21E719A500E3870E;
			productRefGroup = D4F82AA621E719A500E3870E /* Products */;
			projectDirPath = "";
			projectRoot = "";
			targets = (
				D4F82AA421E719A500E3870E /* demo */,
				D4F82AB721E719A600E3870E /* demoTests */,
			);
		};
/* End PBXProject section */

/* Begin PBXResourcesBuildPhase section */
		D4F82AA321E719A500E3870E /* Resources */ = {
			isa = PBXResourcesBuildPhase;
			buildActionMask = 2147483647;
			files = (
				D4F82AAC21E719A600E3870E /* Assets.xcassets in Resources */,
				D4F82AAF21E719A600E3870E /* MainMenu.xib in Resources */,
			);
			runOnlyForDeploymentPostprocessing = 0;
		};
		D4F82AB621E719A600E3870E /* Resources */ = {
			isa = PBXResourcesBuildPhase;
			buildActionMask = 2147483647;
			files = (
			);
			runOnlyForDeploymentPostprocessing = 0;
		};
/* End PBXResourcesBuildPhase section */

/* Begin PBXSourcesBuildPhase section */
		D4F82AA121E719A500E3870E /* Sources */ = {
			isa = PBXSourcesBuildPhase;
			buildActionMask = 2147483647;
			files = (
				D4F82ACA21E719FD00E3870E /* GCDQuene.m in Sources */,
				D4F82AB221E719A600E3870E /* main.m in Sources */,
				D4F82AAA21E719A500E3870E /* AppDelegate.m in Sources */,
			);
			runOnlyForDeploymentPostprocessing = 0;
		};
		D4F82AB421E719A600E3870E /* Sources */ = {
			isa = PBXSourcesBuildPhase;
			buildActionMask = 2147483647;
			files = (
				D4F82ABD21E719A600E3870E /* demoTests.m in Sources */,
			);
			runOnlyForDeploymentPostprocessing = 0;
		};
/* End PBXSourcesBuildPhase section */

/* Begin PBXTargetDependency section */
		D4F82ABA21E719A600E3870E /* PBXTargetDependency */ = {
			isa = PBXTargetDependency;
			target = D4F82AA421E719A500E3870E /* demo */;
			targetProxy = D4F82AB921E719A600E3870E /* PBXContainerItemProxy */;
		};
/* End PBXTargetDependency section */

/* Begin PBXVariantGroup section */
		D4F82AAD21E719A600E3870E /* MainMenu.xib */ = {
			isa = PBXVariantGroup;
			children = (
				D4F82AAE21E719A600E3870E /* Base */,
			);
			name = MainMenu.xib;
			sourceTree = "<group>";
		};
/* End PBXVariantGroup section */

/* Begin XCBuildConfiguration section */
		D4F82ABF21E719A600E3870E /* Debug */ = {
			isa = XCBuildConfiguration;
			buildSettings = {
				ALWAYS_SEARCH_USER_PATHS = NO;
				CLANG_ANALYZER_NONNULL = YES;
				CLANG_ANALYZER_NUMBER_OBJECT_CONVERSION = YES_AGGRESSIVE;
				CLANG_CXX_LANGUAGE_STANDARD = "gnu++14";
				CLANG_CXX_LIBRARY = "libc++";
				CLANG_ENABLE_MODULES = YES;
				CLANG_ENABLE_OBJC_ARC = YES;
				CLANG_ENABLE_OBJC_WEAK = YES;
				CLANG_WARN_BLOCK_CAPTURE_AUTORELEASING = YES;
				CLANG_WARN_BOOL_CONVERSION = YES;
				CLANG_WARN_COMMA = YES;
				CLANG_WARN_CONSTANT_CONVERSION = YES;
				CLANG_WARN_DEPRECATED_OBJC_IMPLEMENTATIONS = YES;
				CLANG_WARN_DIRECT_OBJC_ISA_USAGE = YES_ERROR;
				CLANG_WARN_DOCUMENTATION_COMMENTS = YES;
				CLANG_WARN_EMPTY_BODY = YES;
				CLANG_WARN_ENUM_CONVERSION = YES;
				CLANG_WARN_INFINITE_RECURSION = YES;
				CLANG_WARN_INT_CONVERSION = YES;
				CLANG_WARN_NON_LITERAL_NULL_CONVERSION = YES;
				CLANG_WARN_OBJC_IMPLICIT_RETAIN_SELF = YES;
				CLANG_WARN_OBJC_LITERAL_CONVERSION = YES;
				CLANG_WARN_OBJC_ROOT_CLASS = YES_ERROR;
				CLANG_WARN_RANGE_LOOP_ANALYSIS = YES;
				CLANG_WARN_STRICT_PROTOTYPES = YES;
				CLANG_WARN_SUSPICIOUS_MOVE = YES;
				CLANG_WARN_UNGUARDED_AVAILABILITY = YES_AGGRESSIVE;
				CLANG_WARN_UNREACHABLE_CODE = YES;
				CLANG_WARN__DUPLICATE_METHOD_MATCH = YES;
				CODE_SIGN_IDENTITY = "Mac Developer";
				COPY_PHASE_STRIP = NO;
				DEBUG_INFORMATION_FORMAT = dwarf;
				ENABLE_STRICT_OBJC_MSGSEND = YES;
				ENABLE_TESTABILITY = YES;
				GCC_C_LANGUAGE_STANDARD = gnu11;
				GCC_DYNAMIC_NO_PIC = NO;
				GCC_NO_COMMON_BLOCKS = YES;
				GCC_OPTIMIZATION_LEVEL = 0;
				GCC_PREPROCESSOR_DEFINITIONS = (
					"DEBUG=1",
					"$(inherited)",
				);
				GCC_WARN_64_TO_32_BIT_CONVERSION = YES;
				GCC_WARN_ABOUT_RETURN_TYPE = YES_ERROR;
				GCC_WARN_UNDECLARED_SELECTOR = YES;
				GCC_WARN_UNINITIALIZED_AUTOS = YES_AGGRESSIVE;
				GCC_WARN_UNUSED_FUNCTION = YES;
				GCC_WARN_UNUSED_VARIABLE = YES;
				MACOSX_DEPLOYMENT_TARGET = 10.14;
				MTL_ENABLE_DEBUG_INFO = INCLUDE_SOURCE;
				MTL_FAST_MATH = YES;
				ONLY_ACTIVE_ARCH = YES;
				SDKROOT = macosx;
			};
			name = Debug;
		};
		D4F82AC021E719A600E3870E /* Release */ = {
			isa = XCBuildConfiguration;
			buildSettings = {
				ALWAYS_SEARCH_USER_PATHS = NO;
				CLANG_ANALYZER_NONNULL = YES;
				CLANG_ANALYZER_NUMBER_OBJECT_CONVERSION = YES_AGGRESSIVE;
				CLANG_CXX_LANGUAGE_STANDARD = "gnu++14";
				CLANG_CXX_LIBRARY = "libc++";
				CLANG_ENABLE_MODULES = YES;
				CLANG_ENABLE_OBJC_ARC = YES;
				CLANG_ENABLE_OBJC_WEAK = YES;
				CLANG_WARN_BLOCK_CAPTURE_AUTORELEASING = YES;
				CLANG_WARN_BOOL_CONVERSION = YES;
				CLANG_WARN_COMMA = YES;
				CLANG_WARN_CONSTANT_CONVERSION = YES;
				CLANG_WARN_DEPRECATED_OBJC_IMPLEMENTATIONS = YES;
				CLANG_WARN_DIRECT_OBJC_ISA_USAGE = YES_ERROR;
				CLANG_WARN_DOCUMENTATION_COMMENTS = YES;
				CLANG_WARN_EMPTY_BODY = YES;
				CLANG_WARN_ENUM_CONVERSION = YES;
				CLANG_WARN_INFINITE_RECURSION = YES;
				CLANG_WARN_INT_CONVERSION = YES;
				CLANG_WARN_NON_LITERAL_NULL_CONVERSION = YES;
				CLANG_WARN_OBJC_IMPLICIT_RETAIN_SELF = YES;
				CLANG_WARN_OBJC_LITERAL_CONVERSION = YES;
				CLANG_WARN_OBJC_ROOT_CLASS = YES_ERROR;
				CLANG_WARN_RANGE_LOOP_ANALYSIS = YES;
				CLANG_WARN_STRICT_PROTOTYPES = YES;
				CLANG_WARN_SUSPICIOUS_MOVE = YES;
				CLANG_WARN_UNGUARDED_AVAILABILITY = YES_AGGRESSIVE;
				CLANG_WARN_UNREACHABLE_CODE = YES;
				CLANG_WARN__DUPLICATE_METHOD_MATCH = YES;
				CODE_SIGN_IDENTITY = "Mac Developer";
				COPY_PHASE_STRIP = NO;
				DEBUG_INFORMATION_FORMAT = "dwarf-with-dsym";
				ENABLE_NS_ASSERTIONS = NO;
				ENABLE_STRICT_OBJC_MSGSEND = YES;
				GCC_C_LANGUAGE_STANDARD = gnu11;
				GCC_NO_COMMON_BLOCKS = YES;
				GCC_WARN_64_TO_32_BIT_CONVERSION = YES;
				GCC_WARN_ABOUT_RETURN_TYPE = YES_ERROR;
				GCC_WARN_UNDECLARED_SELECTOR = YES;
				GCC_WARN_UNINITIALIZED_AUTOS = YES_AGGRESSIVE;
				GCC_WARN_UNUSED_FUNCTION = YES;
				GCC_WARN_UNUSED_VARIABLE = YES;
				MACOSX_DEPLOYMENT_TARGET = 10.14;
				MTL_ENABLE_DEBUG_INFO = NO;
				MTL_FAST_MATH = YES;
				SDKROOT = macosx;
			};
			name = Release;
		};
		D4F82AC221E719A600E3870E /* Debug */ = {
			isa = XCBuildConfiguration;
			buildSettings = {
				ASSETCATALOG_COMPILER_APPICON_NAME = AppIcon;
				CODE_SIGN_ENTITLEMENTS = demo/demo.entitlements;
				CODE_SIGN_STYLE = Automatic;
				COMBINE_HIDPI_IMAGES = YES;
				DEVELOPMENT_TEAM = ZLQPGKAQFY;
				INFOPLIST_FILE = demo/Info.plist;
				LD_RUNPATH_SEARCH_PATHS = (
					"$(inherited)",
					"@executable_path/../Frameworks",
				);
				PRODUCT_BUNDLE_IDENTIFIER = com.orzer.demo;
				PRODUCT_NAME = "$(TARGET_NAME)";
			};
			name = Debug;
		};
		D4F82AC321E719A600E3870E /* Release */ = {
			isa = XCBuildConfiguration;
			buildSettings = {
				ASSETCATALOG_COMPILER_APPICON_NAME = AppIcon;
				CODE_SIGN_ENTITLEMENTS = demo/demo.entitlements;
				CODE_SIGN_STYLE = Automatic;
				COMBINE_HIDPI_IMAGES = YES;
				DEVELOPMENT_TEAM = ZLQPGKAQFY;
				INFOPLIST_FILE = demo/Info.plist;
				LD_RUNPATH_SEARCH_PATHS = (
					"$(inherited)",
					"@executable_path/../Frameworks",
				);
				PRODUCT_BUNDLE_IDENTIFIER = com.orzer.demo;
				PRODUCT_NAME = "$(TARGET_NAME)";
			};
			name = Release;
		};
		D4F82AC521E719A600E3870E /* Debug */ = {
			isa = XCBuildConfiguration;
			buildSettings = {
				BUNDLE_LOADER = "$(TEST_HOST)";
				CODE_SIGN_STYLE = Automatic;
				COMBINE_HIDPI_IMAGES = YES;
				DEVELOPMENT_TEAM = ZLQPGKAQFY;
				INFOPLIST_FILE = demoTests/Info.plist;
				LD_RUNPATH_SEARCH_PATHS = (
					"$(inherited)",
					"@executable_path/../Frameworks",
					"@loader_path/../Frameworks",
				);
				PRODUCT_BUNDLE_IDENTIFIER = com.orzer.demoTests;
				PRODUCT_NAME = "$(TARGET_NAME)";
				TEST_HOST = "$(BUILT_PRODUCTS_DIR)/demo.app/Contents/MacOS/demo";
			};
			name = Debug;
		};
		D4F82AC621E719A600E3870E /* Release */ = {
			isa = XCBuildConfiguration;
			buildSettings = {
				BUNDLE_LOADER = "$(TEST_HOST)";
				CODE_SIGN_STYLE = Automatic;
				COMBINE_HIDPI_IMAGES = YES;
				DEVELOPMENT_TEAM = ZLQPGKAQFY;
				INFOPLIST_FILE = demoTests/Info.plist;
				LD_RUNPATH_SEARCH_PATHS = (
					"$(inherited)",
					"@executable_path/../Frameworks",
					"@loader_path/../Frameworks",
				);
				PRODUCT_BUNDLE_IDENTIFIER = com.orzer.demoTests;
				PRODUCT_NAME = "$(TARGET_NAME)";
				TEST_HOST = "$(BUILT_PRODUCTS_DIR)/demo.app/Contents/MacOS/demo";
			};
			name = Release;
		};
/* End XCBuildConfiguration section */

/* Begin XCConfigurationList section */
		D4F82AA021E719A500E3870E /* Build configuration list for PBXProject "demo" */ = {
			isa = XCConfigurationList;
			buildConfigurations = (
				D4F82ABF21E719A600E3870E /* Debug */,
				D4F82AC021E719A600E3870E /* Release */,
			);
			defaultConfigurationIsVisible = 0;
			defaultConfigurationName = Release;
		};
		D4F82AC121E719A600E3870E /* Build configuration list for PBXNativeTarget "demo" */ = {
			isa = XCConfigurationList;
			buildConfigurations = (
				D4F82AC221E719A600E3870E /* Debug */,
				D4F82AC321E719A600E3870E /* Release */,
			);
			defaultConfigurationIsVisible = 0;
			defaultConfigurationName = Release;
		};
		D4F82AC421E719A600E3870E /* Build configuration list for PBXNativeTarget "demoTests" */ = {
			isa = XCConfigurationList;
			buildConfigurations = (
				D4F82AC521E719A600E3870E /* Debug */,
				D4F82AC621E719A600E3870E /* Release */,
			);
			defaultConfigurationIsVisible = 0;
			defaultConfigurationName = Release;
		};
/* End XCConfigurationList section */
	};
	rootObject = D4F82A9D21E719A500E3870E /* Project object */;
}
